
Microsoft Visual Studio Solution File, Format Version 12.00
# Visual Studio 14
VisualStudioVersion = 14.0.22823.1
MinimumVisualStudioVersion = 10.0.40219.1
Project("{FAE04EC0-301F-11D3-BF4B-00C04F79EFBC}") = "TsCodeGen", "TsCodeGen\TsCodeGen.csproj", "{5EA9E24C-9A0F-4084-8C94-BF31E8571AFC}"
EndProject
Project("{FAE04EC0-301F-11D3-BF4B-00C04F79EFBC}") = "ATestProject", "ATestProject\ATestProject.csproj", "{30951F7A-EC35-486A-8005-7445615A648A}"
EndProject
Global
	GlobalSection(SolutionConfigurationPlatforms) = preSolution
		Debug|Any CPU = Debug|Any CPU
		Release|Any CPU = Release|Any CPU
	EndGlobalSection
	GlobalSection(ProjectConfigurationPlatforms) = postSolution
		{5EA9E24C-9A0F-4084-8C94-BF31E8571AFC}.Debug|Any CPU.ActiveCfg = Debug|Any CPU
		{5EA9E24C-9A0F-4084-8C94-BF31E8571AFC}.Debug|Any CPU.Build.0 = Debug|Any CPU
		{5EA9E24C-9A0F-4084-8C94-BF31E8571AFC}.Release|Any CPU.ActiveCfg = Release|Any CPU
		{5EA9E24C-9A0F-4084-8C94-BF31E8571AFC}.Release|Any CPU.Build.0 = Release|Any CPU
		{30951F7A-EC35-486A-8005-7445615A648A}.Debug|Any CPU.ActiveCfg = Debug|Any CPU
		{30951F7A-EC35-486A-8005-7445615A648A}.Debug|Any CPU.Build.0 = Debug|Any CPU
		{30951F7A-EC35-486A-8005-7445615A648A}.Release|Any CPU.ActiveCfg = Release|Any CPU
		{30951F7A-EC35-486A-8005-7445615A648A}.Release|Any CPU.Build.0 = Release|Any CPU
	EndGlobalSection
	GlobalSection(SolutionProperties) = preSolution
		HideSolutionNode = FALSE
	EndGlobalSection
EndGlobal
